
Microsoft Visual Studio Solution File, Format Version 12.00
# Visual Studio 15
VisualStudioVersion = 15.0.28010.2041
MinimumVisualStudioVersion = 10.0.40219.1
Project("{FAE04EC0-301F-11D3-BF4B-00C04F79EFBC}") = "Amtrack.Amtrack.Data", "Amtrack.Amtrack.Data\Amtrack.Amtrack.Data.csproj", "{E667F9F3-4BC0-4C63-99BC-29A459A92184}"
EndProject
Project("{FAE04EC0-301F-11D3-BF4B-00C04F79EFBC}") = "Amtrack.Amtrack_V2.Data", "Amtrack.Amtrack_V2.Data\Amtrack.Amtrack_V2.Data.csproj", "{BDB5FED3-96A1-4466-9846-2E55819AF9E7}"
EndProject
Project("{FAE04EC0-301F-11D3-BF4B-00C04F79EFBC}") = "Amtrack.Caching.Repository", "Amtrack.Caching.Repository\Amtrack.Caching.Repository.csproj", "{0E9054CE-FD7D-425A-9807-6535376D0C3C}"
EndProject
Project("{FAE04EC0-301F-11D3-BF4B-00C04F79EFBC}") = "Amtrack.Core.Repositories", "Amtrack.Core.Repositories\Amtrack.Core.Repositories.csproj", "{F1457BE6-BB18-495B-A4F7-F9638409FBB2}"
EndProject
Project("{FAE04EC0-301F-11D3-BF4B-00C04F79EFBC}") = "Amtrack.Caching.Service", "Amtrack.Caching.Service\Amtrack.Caching.Service.csproj", "{3059F80F-49D3-43BC-B460-9D849256F80C}"
EndProject
Project("{FAE04EC0-301F-11D3-BF4B-00C04F79EFBC}") = "Amtrack.Caching.Data", "Amtrack.Caching.Data\Amtrack.Caching.Data.csproj", "{B2E9A401-94FE-4226-89D9-72207A8378A2}"
EndProject
Project("{FAE04EC0-301F-11D3-BF4B-00C04F79EFBC}") = "Amtrack.Enumeration", "..\..\..\Projects\Amrod-Amtrack-ASPNet\src\amtrack\Amtrack.Enumeration\Amtrack.Enumeration.csproj", "{ABE51EDA-7FB8-4622-8909-7FB1681C730B}"
EndProject
Project("{FAE04EC0-301F-11D3-BF4B-00C04F79EFBC}") = "Amtrack.ValueObjects", "..\..\..\Projects\Amrod-Amtrack-ASPNet\src\amtrack\Amtrack.ValueObjects\Amtrack.ValueObjects.csproj", "{CC2F6DF4-1312-42C4-91D3-D43701EF96F7}"
EndProject
Project("{FAE04EC0-301F-11D3-BF4B-00C04F79EFBC}") = "Amtrack.Extensions", "Amtrack.Extensions\Amtrack.Extensions.csproj", "{360FB89C-DC8C-4B3C-B652-8762B7C12A8D}"
EndProject
Project("{FAE04EC0-301F-11D3-BF4B-00C04F79EFBC}") = "Amtrack.Models", "Amtrack.Models\Amtrack.Models.csproj", "{73D178D8-F10E-4C48-A07F-558C91203B64}"
EndProject
Project("{FAE04EC0-301F-11D3-BF4B-00C04F79EFBC}") = "Amtrack.StockCheck.Data", "Amtrack.StockCheck.Data\Amtrack.StockCheck.Data.csproj", "{694FF756-92EA-411C-92A8-519FF605EAEF}"
EndProject
Project("{FAE04EC0-301F-11D3-BF4B-00C04F79EFBC}") = "Amtrack.Core.Services", "Amtrack.Core.Services\Amtrack.Core.Services.csproj", "{F5167C8D-9589-4B16-9F7B-6413E7309B9E}"
EndProject
Global
	GlobalSection(SolutionConfigurationPlatforms) = preSolution
		Debug - Test Servers|Any CPU = Debug - Test Servers|Any CPU
		Debug|Any CPU = Debug|Any CPU
		Release|Any CPU = Release|Any CPU
		TSTSERVER|Any CPU = TSTSERVER|Any CPU
	EndGlobalSection
	GlobalSection(ProjectConfigurationPlatforms) = postSolution
		{E667F9F3-4BC0-4C63-99BC-29A459A92184}.Debug - Test Servers|Any CPU.ActiveCfg = Debug|Any CPU
		{E667F9F3-4BC0-4C63-99BC-29A459A92184}.Debug - Test Servers|Any CPU.Build.0 = Debug|Any CPU
		{E667F9F3-4BC0-4C63-99BC-29A459A92184}.Debug|Any CPU.ActiveCfg = Debug|Any CPU
		{E667F9F3-4BC0-4C63-99BC-29A459A92184}.Debug|Any CPU.Build.0 = Debug|Any CPU
		{E667F9F3-4BC0-4C63-99BC-29A459A92184}.Release|Any CPU.ActiveCfg = Release|Any CPU
		{E667F9F3-4BC0-4C63-99BC-29A459A92184}.Release|Any CPU.Build.0 = Release|Any CPU
		{E667F9F3-4BC0-4C63-99BC-29A459A92184}.TSTSERVER|Any CPU.ActiveCfg = Debug|Any CPU
		{E667F9F3-4BC0-4C63-99BC-29A459A92184}.TSTSERVER|Any CPU.Build.0 = Debug|Any CPU
		{BDB5FED3-96A1-4466-9846-2E55819AF9E7}.Debug - Test Servers|Any CPU.ActiveCfg = Debug|Any CPU
		{BDB5FED3-96A1-4466-9846-2E55819AF9E7}.Debug - Test Servers|Any CPU.Build.0 = Debug|Any CPU
		{BDB5FED3-96A1-4466-9846-2E55819AF9E7}.Debug|Any CPU.ActiveCfg = Debug|Any CPU
		{BDB5FED3-96A1-4466-9846-2E55819AF9E7}.Debug|Any CPU.Build.0 = Debug|Any CPU
		{BDB5FED3-96A1-4466-9846-2E55819AF9E7}.Release|Any CPU.ActiveCfg = Release|Any CPU
		{BDB5FED3-96A1-4466-9846-2E55819AF9E7}.Release|Any CPU.Build.0 = Release|Any CPU
		{BDB5FED3-96A1-4466-9846-2E55819AF9E7}.TSTSERVER|Any CPU.ActiveCfg = Debug|Any CPU
		{BDB5FED3-96A1-4466-9846-2E55819AF9E7}.TSTSERVER|Any CPU.Build.0 = Debug|Any CPU
		{0E9054CE-FD7D-425A-9807-6535376D0C3C}.Debug - Test Servers|Any CPU.ActiveCfg = Debug|Any CPU
		{0E9054CE-FD7D-425A-9807-6535376D0C3C}.Debug - Test Servers|Any CPU.Build.0 = Debug|Any CPU
		{0E9054CE-FD7D-425A-9807-6535376D0C3C}.Debug|Any CPU.ActiveCfg = Debug|Any CPU
		{0E9054CE-FD7D-425A-9807-6535376D0C3C}.Debug|Any CPU.Build.0 = Debug|Any CPU
		{0E9054CE-FD7D-425A-9807-6535376D0C3C}.Release|Any CPU.ActiveCfg = Release|Any CPU
		{0E9054CE-FD7D-425A-9807-6535376D0C3C}.Release|Any CPU.Build.0 = Release|Any CPU
		{0E9054CE-FD7D-425A-9807-6535376D0C3C}.TSTSERVER|Any CPU.ActiveCfg = Debug|Any CPU
		{0E9054CE-FD7D-425A-9807-6535376D0C3C}.TSTSERVER|Any CPU.Build.0 = Debug|Any CPU
		{F1457BE6-BB18-495B-A4F7-F9638409FBB2}.Debug - Test Servers|Any CPU.ActiveCfg = Debug|Any CPU
		{F1457BE6-BB18-495B-A4F7-F9638409FBB2}.Debug - Test Servers|Any CPU.Build.0 = Debug|Any CPU
		{F1457BE6-BB18-495B-A4F7-F9638409FBB2}.Debug|Any CPU.ActiveCfg = Debug|Any CPU
		{F1457BE6-BB18-495B-A4F7-F9638409FBB2}.Debug|Any CPU.Build.0 = Debug|Any CPU
		{F1457BE6-BB18-495B-A4F7-F9638409FBB2}.Release|Any CPU.ActiveCfg = Release|Any CPU
		{F1457BE6-BB18-495B-A4F7-F9638409FBB2}.Release|Any CPU.Build.0 = Release|Any CPU
		{F1457BE6-BB18-495B-A4F7-F9638409FBB2}.TSTSERVER|Any CPU.ActiveCfg = Debug|Any CPU
		{F1457BE6-BB18-495B-A4F7-F9638409FBB2}.TSTSERVER|Any CPU.Build.0 = Debug|Any CPU
		{3059F80F-49D3-43BC-B460-9D849256F80C}.Debug - Test Servers|Any CPU.ActiveCfg = Debug|Any CPU
		{3059F80F-49D3-43BC-B460-9D849256F80C}.Debug - Test Servers|Any CPU.Build.0 = Debug|Any CPU
		{3059F80F-49D3-43BC-B460-9D849256F80C}.Debug|Any CPU.ActiveCfg = Debug|Any CPU
		{3059F80F-49D3-43BC-B460-9D849256F80C}.Debug|Any CPU.Build.0 = Debug|Any CPU
		{3059F80F-49D3-43BC-B460-9D849256F80C}.Release|Any CPU.ActiveCfg = Release|Any CPU
		{3059F80F-49D3-43BC-B460-9D849256F80C}.Release|Any CPU.Build.0 = Release|Any CPU
		{3059F80F-49D3-43BC-B460-9D849256F80C}.TSTSERVER|Any CPU.ActiveCfg = Debug|Any CPU
		{3059F80F-49D3-43BC-B460-9D849256F80C}.TSTSERVER|Any CPU.Build.0 = Debug|Any CPU
		{B2E9A401-94FE-4226-89D9-72207A8378A2}.Debug - Test Servers|Any CPU.ActiveCfg = Debug|Any CPU
		{B2E9A401-94FE-4226-89D9-72207A8378A2}.Debug - Test Servers|Any CPU.Build.0 = Debug|Any CPU
		{B2E9A401-94FE-4226-89D9-72207A8378A2}.Debug|Any CPU.ActiveCfg = Debug|Any CPU
		{B2E9A401-94FE-4226-89D9-72207A8378A2}.Debug|Any CPU.Build.0 = Debug|Any CPU
		{B2E9A401-94FE-4226-89D9-72207A8378A2}.Release|Any CPU.ActiveCfg = Release|Any CPU
		{B2E9A401-94FE-4226-89D9-72207A8378A2}.Release|Any CPU.Build.0 = Release|Any CPU
		{B2E9A401-94FE-4226-89D9-72207A8378A2}.TSTSERVER|Any CPU.ActiveCfg = Debug|Any CPU
		{B2E9A401-94FE-4226-89D9-72207A8378A2}.TSTSERVER|Any CPU.Build.0 = Debug|Any CPU
		{ABE51EDA-7FB8-4622-8909-7FB1681C730B}.Debug - Test Servers|Any CPU.ActiveCfg = Debug|Any CPU
		{ABE51EDA-7FB8-4622-8909-7FB1681C730B}.Debug - Test Servers|Any CPU.Build.0 = Debug|Any CPU
		{ABE51EDA-7FB8-4622-8909-7FB1681C730B}.Debug|Any CPU.ActiveCfg = Debug|Any CPU
		{ABE51EDA-7FB8-4622-8909-7FB1681C730B}.Debug|Any CPU.Build.0 = Debug|Any CPU
		{ABE51EDA-7FB8-4622-8909-7FB1681C730B}.Release|Any CPU.ActiveCfg = Release|Any CPU
		{ABE51EDA-7FB8-4622-8909-7FB1681C730B}.Release|Any CPU.Build.0 = Release|Any CPU
		{ABE51EDA-7FB8-4622-8909-7FB1681C730B}.TSTSERVER|Any CPU.ActiveCfg = TSTSERVER|Any CPU
		{ABE51EDA-7FB8-4622-8909-7FB1681C730B}.TSTSERVER|Any CPU.Build.0 = TSTSERVER|Any CPU
		{CC2F6DF4-1312-42C4-91D3-D43701EF96F7}.Debug - Test Servers|Any CPU.ActiveCfg = Debug - Test Servers|Any CPU
		{CC2F6DF4-1312-42C4-91D3-D43701EF96F7}.Debug - Test Servers|Any CPU.Build.0 = Debug - Test Servers|Any CPU
		{CC2F6DF4-1312-42C4-91D3-D43701EF96F7}.Debug|Any CPU.ActiveCfg = Debug|Any CPU
		{CC2F6DF4-1312-42C4-91D3-D43701EF96F7}.Debug|Any CPU.Build.0 = Debug|Any CPU
		{CC2F6DF4-1312-42C4-91D3-D43701EF96F7}.Release|Any CPU.ActiveCfg = Release|Any CPU
		{CC2F6DF4-1312-42C4-91D3-D43701EF96F7}.Release|Any CPU.Build.0 = Release|Any CPU
		{CC2F6DF4-1312-42C4-91D3-D43701EF96F7}.TSTSERVER|Any CPU.ActiveCfg = TSTSERVER|Any CPU
		{CC2F6DF4-1312-42C4-91D3-D43701EF96F7}.TSTSERVER|Any CPU.Build.0 = TSTSERVER|Any CPU
		{360FB89C-DC8C-4B3C-B652-8762B7C12A8D}.Debug - Test Servers|Any CPU.ActiveCfg = Debug|Any CPU
		{360FB89C-DC8C-4B3C-B652-8762B7C12A8D}.Debug - Test Servers|Any CPU.Build.0 = Debug|Any CPU
		{360FB89C-DC8C-4B3C-B652-8762B7C12A8D}.Debug|Any CPU.ActiveCfg = Debug|Any CPU
		{360FB89C-DC8C-4B3C-B652-8762B7C12A8D}.Debug|Any CPU.Build.0 = Debug|Any CPU
		{360FB89C-DC8C-4B3C-B652-8762B7C12A8D}.Release|Any CPU.ActiveCfg = Release|Any CPU
		{360FB89C-DC8C-4B3C-B652-8762B7C12A8D}.Release|Any CPU.Build.0 = Release|Any CPU
		{360FB89C-DC8C-4B3C-B652-8762B7C12A8D}.TSTSERVER|Any CPU.ActiveCfg = Debug|Any CPU
		{360FB89C-DC8C-4B3C-B652-8762B7C12A8D}.TSTSERVER|Any CPU.Build.0 = Debug|Any CPU
		{73D178D8-F10E-4C48-A07F-558C91203B64}.Debug - Test Servers|Any CPU.ActiveCfg = Debug|Any CPU
		{73D178D8-F10E-4C48-A07F-558C91203B64}.Debug - Test Servers|Any CPU.Build.0 = Debug|Any CPU
		{73D178D8-F10E-4C48-A07F-558C91203B64}.Debug|Any CPU.ActiveCfg = Debug|Any CPU
		{73D178D8-F10E-4C48-A07F-558C91203B64}.Debug|Any CPU.Build.0 = Debug|Any CPU
		{73D178D8-F10E-4C48-A07F-558C91203B64}.Release|Any CPU.ActiveCfg = Release|Any CPU
		{73D178D8-F10E-4C48-A07F-558C91203B64}.Release|Any CPU.Build.0 = Release|Any CPU
		{73D178D8-F10E-4C48-A07F-558C91203B64}.TSTSERVER|Any CPU.ActiveCfg = Debug|Any CPU
		{73D178D8-F10E-4C48-A07F-558C91203B64}.TSTSERVER|Any CPU.Build.0 = Debug|Any CPU
		{694FF756-92EA-411C-92A8-519FF605EAEF}.Debug - Test Servers|Any CPU.ActiveCfg = Debug|Any CPU
		{694FF756-92EA-411C-92A8-519FF605EAEF}.Debug - Test Servers|Any CPU.Build.0 = Debug|Any CPU
		{694FF756-92EA-411C-92A8-519FF605EAEF}.Debug|Any CPU.ActiveCfg = Debug|Any CPU
		{694FF756-92EA-411C-92A8-519FF605EAEF}.Debug|Any CPU.Build.0 = Debug|Any CPU
		{694FF756-92EA-411C-92A8-519FF605EAEF}.Release|Any CPU.ActiveCfg = Release|Any CPU
		{694FF756-92EA-411C-92A8-519FF605EAEF}.Release|Any CPU.Build.0 = Release|Any CPU
		{694FF756-92EA-411C-92A8-519FF605EAEF}.TSTSERVER|Any CPU.ActiveCfg = Debug|Any CPU
		{694FF756-92EA-411C-92A8-519FF605EAEF}.TSTSERVER|Any CPU.Build.0 = Debug|Any CPU
		{F5167C8D-9589-4B16-9F7B-6413E7309B9E}.Debug - Test Servers|Any CPU.ActiveCfg = Debug|Any CPU
		{F5167C8D-9589-4B16-9F7B-6413E7309B9E}.Debug - Test Servers|Any CPU.Build.0 = Debug|Any CPU
		{F5167C8D-9589-4B16-9F7B-6413E7309B9E}.Debug|Any CPU.ActiveCfg = Debug|Any CPU
		{F5167C8D-9589-4B16-9F7B-6413E7309B9E}.Debug|Any CPU.Build.0 = Debug|Any CPU
		{F5167C8D-9589-4B16-9F7B-6413E7309B9E}.Release|Any CPU.ActiveCfg = Release|Any CPU
		{F5167C8D-9589-4B16-9F7B-6413E7309B9E}.Release|Any CPU.Build.0 = Release|Any CPU
		{F5167C8D-9589-4B16-9F7B-6413E7309B9E}.TSTSERVER|Any CPU.ActiveCfg = Debug|Any CPU
		{F5167C8D-9589-4B16-9F7B-6413E7309B9E}.TSTSERVER|Any CPU.Build.0 = Debug|Any CPU
	EndGlobalSection
	GlobalSection(SolutionProperties) = preSolution
		HideSolutionNode = FALSE
	EndGlobalSection
	GlobalSection(ExtensibilityGlobals) = postSolution
		SolutionGuid = {C2864A13-C66D-41A8-839E-617F662CF467}
	EndGlobalSection
EndGlobal
